// !$*UTF8*$!
{
	archiveVersion = 1;
	classes = {
	};
	objectVersion = 50;
	objects = {

/* Begin PBXBuildFile section */
		D746497D26BB0C2A00AAA598 /* AppDelegate.swift in Sources */ = {isa = PBXBuildFile; fileRef = D746497C26BB0C2A00AAA598 /* AppDelegate.swift */; };
		D746497F26BB0C2A00AAA598 /* SceneDelegate.swift in Sources */ = {isa = PBXBuildFile; fileRef = D746497E26BB0C2A00AAA598 /* SceneDelegate.swift */; };
		D746498126BB0C2A00AAA598 /* ViewController.swift in Sources */ = {isa = PBXBuildFile; fileRef = D746498026BB0C2A00AAA598 /* ViewController.swift */; };
		D746498426BB0C2A00AAA598 /* Main.storyboard in Resources */ = {isa = PBXBuildFile; fileRef = D746498226BB0C2A00AAA598 /* Main.storyboard */; };
		D746498626BB0C2B00AAA598 /* Assets.xcassets in Resources */ = {isa = PBXBuildFile; fileRef = D746498526BB0C2B00AAA598 /* Assets.xcassets */; };
		D746498926BB0C2B00AAA598 /* LaunchScreen.storyboard in Resources */ = {isa = PBXBuildFile; fileRef = D746498726BB0C2B00AAA598 /* LaunchScreen.storyboard */; };
		D74649B126BB491D00AAA598 /* callViewController.swift in Sources */ = {isa = PBXBuildFile; fileRef = D74649B026BB491D00AAA598 /* callViewController.swift */; };
/* End PBXBuildFile section */

/* Begin PBXFileReference section */
		D746497926BB0C2A00AAA598 /* HalloApp!.app */ = {isa = PBXFileReference; explicitFileType = wrapper.application; includeInIndex = 0; path = "HalloApp!.app"; sourceTree = BUILT_PRODUCTS_DIR; };
		D746497C26BB0C2A00AAA598 /* AppDelegate.swift */ = {isa = PBXFileReference; lastKnownFileType = sourcecode.swift; path = AppDelegate.swift; sourceTree = "<group>"; };
		D746497E26BB0C2A00AAA598 /* SceneDelegate.swift */ = {isa = PBXFileReference; lastKnownFileType = sourcecode.swift; path = SceneDelegate.swift; sourceTree = "<group>"; };
		D746498026BB0C2A00AAA598 /* ViewController.swift */ = {isa = PBXFileReference; lastKnownFileType = sourcecode.swift; path = ViewController.swift; sourceTree = "<group>"; };
		D746498326BB0C2A00AAA598 /* Base */ = {isa = PBXFileReference; lastKnownFileType = file.storyboard; name = Base; path = Base.lproj/Main.storyboard; sourceTree = "<group>"; };
		D746498526BB0C2B00AAA598 /* Assets.xcassets */ = {isa = PBXFileReference; lastKnownFileType = folder.assetcatalog; path = Assets.xcassets; sourceTree = "<group>"; };
		D746498826BB0C2B00AAA598 /* Base */ = {isa = PBXFileReference; lastKnownFileType = file.storyboard; name = Base; path = Base.lproj/LaunchScreen.storyboard; sourceTree = "<group>"; };
		D746498A26BB0C2B00AAA598 /* Info.plist */ = {isa = PBXFileReference; lastKnownFileType = text.plist.xml; path = Info.plist; sourceTree = "<group>"; };
		D74649B026BB491D00AAA598 /* callViewController.swift */ = {isa = PBXFileReference; lastKnownFileType = sourcecode.swift; path = callViewController.swift; sourceTree = "<group>"; };
/* End PBXFileReference section */

/* Begin PBXFrameworksBuildPhase section */
		D746497626BB0C2A00AAA598 /* Frameworks */ = {
			isa = PBXFrameworksBuildPhase;
			buildActionMask = 2147483647;
			files = (
			);
			runOnlyForDeploymentPostprocessing = 0;
		};
/* End PBXFrameworksBuildPhase section */

/* Begin PBXGroup section */
		D746497026BB0C2A00AAA598 = {
			isa = PBXGroup;
			children = (
				D74649B026BB491D00AAA598 /* callViewController.swift */,
				D746497B26BB0C2A00AAA598 /* HalloApp! */,
				D746497A26BB0C2A00AAA598 /* Products */,
			);
			sourceTree = "<group>";
		};
		D746497A26BB0C2A00AAA598 /* Products */ = {
			isa = PBXGroup;
			children = (
				D746497926BB0C2A00AAA598 /* HalloApp!.app */,
			);
			name = Products;
			sourceTree = "<group>";
		};
		D746497B26BB0C2A00AAA598 /* HalloApp! */ = {
			isa = PBXGroup;
			children = (
				D746497C26BB0C2A00AAA598 /* AppDelegate.swift */,
				D746497E26BB0C2A00AAA598 /* SceneDelegate.swift */,
				D746498026BB0C2A00AAA598 /* ViewController.swift */,
				D746498226BB0C2A00AAA598 /* Main.storyboard */,
				D746498526BB0C2B00AAA598 /* Assets.xcassets */,
				D746498726BB0C2B00AAA598 /* LaunchScreen.storyboard */,
				D746498A26BB0C2B00AAA598 /* Info.plist */,
			);
			path = "HalloApp!";
			sourceTree = "<group>";
		};
/* End PBXGroup section */

/* Begin PBXNativeTarget section */
		D746497826BB0C2A00AAA598 /* HalloApp! */ = {
			isa = PBXNativeTarget;
			buildConfigurationList = D746498D26BB0C2B00AAA598 /* Build configuration list for PBXNativeTarget "HalloApp!" */;
			buildPhases = (
				D746497526BB0C2A00AAA598 /* Sources */,
				D746497626BB0C2A00AAA598 /* Frameworks */,
				D746497726BB0C2A00AAA598 /* Resources */,
			);
			buildRules = (
			);
			dependencies = (
			);
			name = "HalloApp!";
			productName = "HalloApp!";
			productReference = D746497926BB0C2A00AAA598 /* HalloApp!.app */;
			productType = "com.apple.product-type.application";
		};
/* End PBXNativeTarget section */

/* Begin PBXProject section */
		D746497126BB0C2A00AAA598 /* Project object */ = {
			isa = PBXProject;
			attributes = {
				LastSwiftUpdateCheck = 1250;
				LastUpgradeCheck = 1250;
				TargetAttributes = {
					D746497826BB0C2A00AAA598 = {
						CreatedOnToolsVersion = 12.5.1;
					};
				};
			};
			buildConfigurationList = D746497426BB0C2A00AAA598 /* Build configuration list for PBXProject "HalloApp!" */;
			compatibilityVersion = "Xcode 9.3";
			developmentRegion = en;
			hasScannedForEncodings = 0;
			knownRegions = (
				en,
				Base,
			);
			mainGroup = D746497026BB0C2A00AAA598;
			productRefGroup = D746497A26BB0C2A00AAA598 /* Products */;
			projectDirPath = "";
			projectRoot = "";
			targets = (
				D746497826BB0C2A00AAA598 /* HalloApp! */,
			);
		};
/* End PBXProject section */

/* Begin PBXResourcesBuildPhase section */
		D746497726BB0C2A00AAA598 /* Resources */ = {
			isa = PBXResourcesBuildPhase;
			buildActionMask = 2147483647;
			files = (
				D746498926BB0C2B00AAA598 /* LaunchScreen.storyboard in Resources */,
				D746498626BB0C2B00AAA598 /* Assets.xcassets in Resources */,
				D746498426BB0C2A00AAA598 /* Main.storyboard in Resources */,
			);
			runOnlyForDeploymentPostprocessing = 0;
		};
/* End PBXResourcesBuildPhase section */

/* Begin PBXSourcesBuildPhase section */
		D746497526BB0C2A00AAA598 /* Sources */ = {
			isa = PBXSourcesBuildPhase;
			buildActionMask = 2147483647;
			files = (
				D746498126BB0C2A00AAA598 /* ViewController.swift in Sources */,
				D746497D26BB0C2A00AAA598 /* AppDelegate.swift in Sources */,
				D74649B126BB491D00AAA598 /* callViewController.swift in Sources */,
				D746497F26BB0C2A00AAA598 /* SceneDelegate.swift in Sources */,
			);
			runOnlyForDeploymentPostprocessing = 0;
		};
/* End PBXSourcesBuildPhase section */

/* Begin PBXVariantGroup section */
		D746498226BB0C2A00AAA598 /* Main.storyboard */ = {
			isa = PBXVariantGroup;
			children = (
				D746498326BB0C2A00AAA598 /* Base */,
			);
			name = Main.storyboard;
			sourceTree = "<group>";
		};
		D746498726BB0C2B00AAA598 /* LaunchScreen.storyboard */ = {
			isa = PBXVariantGroup;
			children = (
				D746498826BB0C2B00AAA598 /* Base */,
			);
			name = LaunchScreen.storyboard;
			sourceTree = "<group>";
		};
/* End PBXVariantGroup section */

/* Begin XCBuildConfiguration section */
		D746498B26BB0C2B00AAA598 /* Debug */ = {
			isa = XCBuildConfiguration;
			buildSettings = {
				ALWAYS_SEARCH_USER_PATHS = NO;
				CLANG_ANALYZER_NONNULL = YES;
				CLANG_ANALYZER_NUMBER_OBJECT_CONVERSION = YES_AGGRESSIVE;
				CLANG_CXX_LANGUAGE_STANDARD = "gnu++14";
				CLANG_CXX_LIBRARY = "libc++";
				CLANG_ENABLE_MODULES = YES;
				CLANG_ENABLE_OBJC_ARC = YES;
				CLANG_ENABLE_OBJC_WEAK = YES;
				CLANG_WARN_BLOCK_CAPTURE_AUTORELEASING = YES;
				CLANG_WARN_BOOL_CONVERSION = YES;
				CLANG_WARN_COMMA = YES;
				CLANG_WARN_CONSTANT_CONVERSION = YES;
				CLANG_WARN_DEPRECATED_OBJC_IMPLEMENTATIONS = YES;
				CLANG_WARN_DIRECT_OBJC_ISA_USAGE = YES_ERROR;
				CLANG_WARN_DOCUMENTATION_COMMENTS = YES;
				CLANG_WARN_EMPTY_BODY = YES;
				CLANG_WARN_ENUM_CONVERSION = YES;
				CLANG_WARN_INFINITE_RECURSION = YES;
				CLANG_WARN_INT_CONVERSION = YES;
				CLANG_WARN_NON_LITERAL_NULL_CONVERSION = YES;
				CLANG_WARN_OBJC_IMPLICIT_RETAIN_SELF = YES;
				CLANG_WARN_OBJC_LITERAL_CONVERSION = YES;
				CLANG_WARN_OBJC_ROOT_CLASS = YES_ERROR;
				CLANG_WARN_QUOTED_INCLUDE_IN_FRAMEWORK_HEADER = YES;
				CLANG_WARN_RANGE_LOOP_ANALYSIS = YES;
				CLANG_WARN_STRICT_PROTOTYPES = YES;
				CLANG_WARN_SUSPICIOUS_MOVE = YES;
				CLANG_WARN_UNGUARDED_AVAILABILITY = YES_AGGRESSIVE;
				CLANG_WARN_UNREACHABLE_CODE = YES;
				CLANG_WARN__DUPLICATE_METHOD_MATCH = YES;
				COPY_PHASE_STRIP = NO;
				DEBUG_INFORMATION_FORMAT = dwarf;
				ENABLE_STRICT_OBJC_MSGSEND = YES;
				ENABLE_TESTABILITY = YES;
				GCC_C_LANGUAGE_STANDARD = gnu11;
				GCC_DYNAMIC_NO_PIC = NO;
				GCC_NO_COMMON_BLOCKS = YES;
				GCC_OPTIMIZATION_LEVEL = 0;
				GCC_PREPROCESSOR_DEFINITIONS = (
					"DEBUG=1",
					"$(inherited)",
				);
				GCC_WARN_64_TO_32_BIT_CONVERSION = YES;
				GCC_WARN_ABOUT_RETURN_TYPE = YES_ERROR;
				GCC_WARN_UNDECLARED_SELECTOR = YES;
				GCC_WARN_UNINITIALIZED_AUTOS = YES_AGGRESSIVE;
				GCC_WARN_UNUSED_FUNCTION = YES;
				GCC_WARN_UNUSED_VARIABLE = YES;
				IPHONEOS_DEPLOYMENT_TARGET = 14.5;
				MTL_ENABLE_DEBUG_INFO = INCLUDE_SOURCE;
				MTL_FAST_MATH = YES;
				ONLY_ACTIVE_ARCH = YES;
				SDKROOT = iphoneos;
				SWIFT_ACTIVE_COMPILATION_CONDITIONS = DEBUG;
				SWIFT_OPTIMIZATION_LEVEL = "-Onone";
			};
			name = Debug;
		};
		D746498C26BB0C2B00AAA598 /* Release */ = {
			isa = XCBuildConfiguration;
			buildSettings = {
				ALWAYS_SEARCH_USER_PATHS = NO;
				CLANG_ANALYZER_NONNULL = YES;
				CLANG_ANALYZER_NUMBER_OBJECT_CONVERSION = YES_AGGRESSIVE;
				CLANG_CXX_LANGUAGE_STANDARD = "gnu++14";
				CLANG_CXX_LIBRARY = "libc++";
				CLANG_ENABLE_MODULES = YES;
				CLANG_ENABLE_OBJC_ARC = YES;
				CLANG_ENABLE_OBJC_WEAK = YES;
				CLANG_WARN_BLOCK_CAPTURE_AUTORELEASING = YES;
				CLANG_WARN_BOOL_CONVERSION = YES;
				CLANG_WARN_COMMA = YES;
				CLANG_WARN_CONSTANT_CONVERSION = YES;
				CLANG_WARN_DEPRECATED_OBJC_IMPLEMENTATIONS = YES;
				CLANG_WARN_DIRECT_OBJC_ISA_USAGE = YES_ERROR;
				CLANG_WARN_DOCUMENTATION_COMMENTS = YES;
				CLANG_WARN_EMPTY_BODY = YES;
				CLANG_WARN_ENUM_CONVERSION = YES;
				CLANG_WARN_INFINITE_RECURSION = YES;
				CLANG_WARN_INT_CONVERSION = YES;
				CLANG_WARN_NON_LITERAL_NULL_CONVERSION = YES;
				CLANG_WARN_OBJC_IMPLICIT_RETAIN_SELF = YES;
				CLANG_WARN_OBJC_LITERAL_CONVERSION = YES;
				CLANG_WARN_OBJC_ROOT_CLASS = YES_ERROR;
				CLANG_WARN_QUOTED_INCLUDE_IN_FRAMEWORK_HEADER = YES;
				CLANG_WARN_RANGE_LOOP_ANALYSIS = YES;
				CLANG_WARN_STRICT_PROTOTYPES = YES;
				CLANG_WARN_SUSPICIOUS_MOVE = YES;
				CLANG_WARN_UNGUARDED_AVAILABILITY = YES_AGGRESSIVE;
				CLANG_WARN_UNREACHABLE_CODE = YES;
				CLANG_WARN__DUPLICATE_METHOD_MATCH = YES;
				COPY_PHASE_STRIP = NO;
				DEBUG_INFORMATION_FORMAT = "dwarf-with-dsym";
				ENABLE_NS_ASSERTIONS = NO;
				ENABLE_STRICT_OBJC_MSGSEND = YES;
				GCC_C_LANGUAGE_STANDARD = gnu11;
				GCC_NO_COMMON_BLOCKS = YES;
				GCC_WARN_64_TO_32_BIT_CONVERSION = YES;
				GCC_WARN_ABOUT_RETURN_TYPE = YES_ERROR;
				GCC_WARN_UNDECLARED_SELECTOR = YES;
				GCC_WARN_UNINITIALIZED_AUTOS = YES_AGGRESSIVE;
				GCC_WARN_UNUSED_FUNCTION = YES;
				GCC_WARN_UNUSED_VARIABLE = YES;
				IPHONEOS_DEPLOYMENT_TARGET = 14.5;
				MTL_ENABLE_DEBUG_INFO = NO;
				MTL_FAST_MATH = YES;
				SDKROOT = iphoneos;
				SWIFT_COMPILATION_MODE = wholemodule;
				SWIFT_OPTIMIZATION_LEVEL = "-O";
				VALIDATE_PRODUCT = YES;
			};
			name = Release;
		};
		D746498E26BB0C2B00AAA598 /* Debug */ = {
			isa = XCBuildConfiguration;
			buildSettings = {
				ASSETCATALOG_COMPILER_APPICON_NAME = AppIcon;
				ASSETCATALOG_COMPILER_GLOBAL_ACCENT_COLOR_NAME = AccentColor;
				CODE_SIGN_STYLE = Automatic;
				DEVELOPMENT_TEAM = BVQ5V67FS4;
				INFOPLIST_FILE = "HalloApp!/Info.plist";
				LD_RUNPATH_SEARCH_PATHS = (
					"$(inherited)",
					"@executable_path/Frameworks",
				);
				PRODUCT_BUNDLE_IDENTIFIER = "com.hayaki.HalloApp-";
				PRODUCT_NAME = "$(TARGET_NAME)";
				SWIFT_VERSION = 5.0;
				TARGETED_DEVICE_FAMILY = 1;
			};
			name = Debug;
		};
		D746498F26BB0C2B00AAA598 /* Release */ = {
			isa = XCBuildConfiguration;
			buildSettings = {
				ASSETCATALOG_COMPILER_APPICON_NAME = AppIcon;
				ASSETCATALOG_COMPILER_GLOBAL_ACCENT_COLOR_NAME = AccentColor;
				CODE_SIGN_STYLE = Automatic;
				DEVELOPMENT_TEAM = BVQ5V67FS4;
				INFOPLIST_FILE = "HalloApp!/Info.plist";
				LD_RUNPATH_SEARCH_PATHS = (
					"$(inherited)",
					"@executable_path/Frameworks",
				);
				PRODUCT_BUNDLE_IDENTIFIER = "com.hayaki.HalloApp-";
				PRODUCT_NAME = "$(TARGET_NAME)";
				SWIFT_VERSION = 5.0;
				TARGETED_DEVICE_FAMILY = 1;
			};
			name = Release;
		};
/* End XCBuildConfiguration section */

/* Begin XCConfigurationList section */
		D746497426BB0C2A00AAA598 /* Build configuration list for PBXProject "HalloApp!" */ = {
			isa = XCConfigurationList;
			buildConfigurations = (
				D746498B26BB0C2B00AAA598 /* Debug */,
				D746498C26BB0C2B00AAA598 /* Release */,
			);
			defaultConfigurationIsVisible = 0;
			defaultConfigurationName = Release;
		};
		D746498D26BB0C2B00AAA598 /* Build configuration list for PBXNativeTarget "HalloApp!" */ = {
			isa = XCConfigurationList;
			buildConfigurations = (
				D746498E26BB0C2B00AAA598 /* Debug */,
				D746498F26BB0C2B00AAA598 /* Release */,
			);
			defaultConfigurationIsVisible = 0;
			defaultConfigurationName = Release;
		};
/* End XCConfigurationList section */
	};
	rootObject = D746497126BB0C2A00AAA598 /* Project object */;
}
